
Microsoft Visual Studio Solution File, Format Version 12.00
# Visual Studio Version 17
VisualStudioVersion = 17.1.32210.238
MinimumVisualStudioVersion = 10.0.40219.1
Project("{FAE04EC0-301F-11D3-BF4B-00C04F79EFBC}") = "ProyectoGestionDispositivos", "ProyectoGestionDispositivos\ProyectoGestionDispositivos.csproj", "{302DBB9C-7559-4044-A9C4-9967C4D32ADE}"
EndProject
Global
	GlobalSection(SolutionConfigurationPlatforms) = preSolution
		Debug|Any CPU = Debug|Any CPU
		Release|Any CPU = Release|Any CPU
	EndGlobalSection
	GlobalSection(ProjectConfigurationPlatforms) = postSolution
		{302DBB9C-7559-4044-A9C4-9967C4D32ADE}.Debug|Any CPU.ActiveCfg = Debug|Any CPU
		{302DBB9C-7559-4044-A9C4-9967C4D32ADE}.Debug|Any CPU.Build.0 = Debug|Any CPU
		{302DBB9C-7559-4044-A9C4-9967C4D32ADE}.Release|Any CPU.ActiveCfg = Release|Any CPU
		{302DBB9C-7559-4044-A9C4-9967C4D32ADE}.Release|Any CPU.Build.0 = Release|Any CPU
	EndGlobalSection
	GlobalSection(SolutionProperties) = preSolution
		HideSolutionNode = FALSE
	EndGlobalSection
	GlobalSection(ExtensibilityGlobals) = postSolution
		SolutionGuid = {7157CA74-5666-4998-BC76-B71F569A19C9}
	EndGlobalSection
EndGlobal
